
Microsoft Visual Studio Solution File, Format Version 12.00
# Visual Studio Version 17
VisualStudioVersion = 17.0.31903.59
MinimumVisualStudioVersion = 10.0.40219.1
Project("{2150E333-8FDC-42A3-9474-1A3956D46DE8}") = "src", "src", "{B1AE59D5-C572-4B21-9592-EFF9DE312F18}"
EndProject
Project("{FAE04EC0-301F-11D3-BF4B-00C04F79EFBC}") = "RhythmoSync.Core", "src\RhythmoSync.Core\RhythmoSync.Core.csproj", "{56541198-6DDF-48F7-9C2D-4548B49C64FC}"
EndProject
Project("{FAE04EC0-301F-11D3-BF4B-00C04F79EFBC}") = "RhythmoSync.Media", "src\RhythmoSync.Media\RhythmoSync.Media.csproj", "{29B88C09-1B34-4571-BE56-57E30451F159}"
EndProject
Project("{FAE04EC0-301F-11D3-BF4B-00C04F79EFBC}") = "RhythmoSync.App", "src\RhythmoSync.App\RhythmoSync.App.csproj", "{FA69944E-854E-4588-AEE8-26E11E4ADFF9}"
EndProject
Project("{FAE04EC0-301F-11D3-BF4B-00C04F79EFBC}") = "RhythmoSync.Core.Tests", "src\RhythmoSync.Core.Tests\RhythmoSync.Core.Tests.csproj", "{43EC9C4A-2D65-4E4E-8577-3973CF1E2ED6}"
EndProject
Global
	GlobalSection(SolutionConfigurationPlatforms) = preSolution
		Debug|Any CPU = Debug|Any CPU
		Release|Any CPU = Release|Any CPU
	EndGlobalSection
	GlobalSection(SolutionProperties) = preSolution
		HideSolutionNode = FALSE
	EndGlobalSection
	GlobalSection(ProjectConfigurationPlatforms) = postSolution
		{56541198-6DDF-48F7-9C2D-4548B49C64FC}.Debug|Any CPU.ActiveCfg = Debug|Any CPU
		{56541198-6DDF-48F7-9C2D-4548B49C64FC}.Debug|Any CPU.Build.0 = Debug|Any CPU
		{56541198-6DDF-48F7-9C2D-4548B49C64FC}.Release|Any CPU.ActiveCfg = Release|Any CPU
		{56541198-6DDF-48F7-9C2D-4548B49C64FC}.Release|Any CPU.Build.0 = Release|Any CPU
		{29B88C09-1B34-4571-BE56-57E30451F159}.Debug|Any CPU.ActiveCfg = Debug|Any CPU
		{29B88C09-1B34-4571-BE56-57E30451F159}.Debug|Any CPU.Build.0 = Debug|Any CPU
		{29B88C09-1B34-4571-BE56-57E30451F159}.Release|Any CPU.ActiveCfg = Release|Any CPU
		{29B88C09-1B34-4571-BE56-57E30451F159}.Release|Any CPU.Build.0 = Release|Any CPU
		{FA69944E-854E-4588-AEE8-26E11E4ADFF9}.Debug|Any CPU.ActiveCfg = Debug|Any CPU
		{FA69944E-854E-4588-AEE8-26E11E4ADFF9}.Debug|Any CPU.Build.0 = Debug|Any CPU
		{FA69944E-854E-4588-AEE8-26E11E4ADFF9}.Release|Any CPU.ActiveCfg = Release|Any CPU
		{FA69944E-854E-4588-AEE8-26E11E4ADFF9}.Release|Any CPU.Build.0 = Release|Any CPU
		{43EC9C4A-2D65-4E4E-8577-3973CF1E2ED6}.Debug|Any CPU.ActiveCfg = Debug|Any CPU
		{43EC9C4A-2D65-4E4E-8577-3973CF1E2ED6}.Debug|Any CPU.Build.0 = Debug|Any CPU
		{43EC9C4A-2D65-4E4E-8577-3973CF1E2ED6}.Release|Any CPU.ActiveCfg = Release|Any CPU
		{43EC9C4A-2D65-4E4E-8577-3973CF1E2ED6}.Release|Any CPU.Build.0 = Release|Any CPU
	EndGlobalSection
	GlobalSection(NestedProjects) = preSolution
		{56541198-6DDF-48F7-9C2D-4548B49C64FC} = {B1AE59D5-C572-4B21-9592-EFF9DE312F18}
		{29B88C09-1B34-4571-BE56-57E30451F159} = {B1AE59D5-C572-4B21-9592-EFF9DE312F18}
		{FA69944E-854E-4588-AEE8-26E11E4ADFF9} = {B1AE59D5-C572-4B21-9592-EFF9DE312F18}
		{43EC9C4A-2D65-4E4E-8577-3973CF1E2ED6} = {B1AE59D5-C572-4B21-9592-EFF9DE312F18}
	EndGlobalSection
EndGlobal
